
Microsoft Visual Studio Solution File, Format Version 10.00
# Visual Studio 2008
Project("{059D6162-CD51-11D0-AE1F-00A0C90FFFC3}") = "glutglsl", "glutglsl.dsp", "{C1C17946-742E-4683-9FDB-4BD2382431BB}"
EndProject
Global
	GlobalSection(SolutionProperties) = preSolution
		HideSolutionNode = FALSE
	EndGlobalSection
EndGlobal
